
Microsoft Visual Studio Solution File, Format Version 12.00
# Visual Studio Version 17
VisualStudioVersion = 17.5.002.0
MinimumVisualStudioVersion = 10.0.40219.1
Project("{9A19103F-16F7-4668-BE54-9A1E7A4F7556}") = "Student", "Student\Student.csproj", "{853A1DD7-21F9-4F64-ABFB-98A6666DC63C}"
EndProject
Global
	GlobalSection(SolutionConfigurationPlatforms) = preSolution
		Debug|Any CPU = Debug|Any CPU
		Release|Any CPU = Release|Any CPU
	EndGlobalSection
	GlobalSection(ProjectConfigurationPlatforms) = postSolution
		{853A1DD7-21F9-4F64-ABFB-98A6666DC63C}.Debug|Any CPU.ActiveCfg = Debug|Any CPU
		{853A1DD7-21F9-4F64-ABFB-98A6666DC63C}.Debug|Any CPU.Build.0 = Debug|Any CPU
		{853A1DD7-21F9-4F64-ABFB-98A6666DC63C}.Release|Any CPU.ActiveCfg = Release|Any CPU
		{853A1DD7-21F9-4F64-ABFB-98A6666DC63C}.Release|Any CPU.Build.0 = Release|Any CPU
	EndGlobalSection
	GlobalSection(SolutionProperties) = preSolution
		HideSolutionNode = FALSE
	EndGlobalSection
	GlobalSection(ExtensibilityGlobals) = postSolution
		SolutionGuid = {2C830440-3901-45AB-83DD-5B859F48CF46}
	EndGlobalSection
EndGlobal
